// !$*UTF8*$!
{
	archiveVersion = 1;
	classes = {
	};
	objectVersion = 56;
	objects = {

/* Begin PBXBuildFile section */
		3AFE90CC2A6EA84E001D8CE3 /* AppDelegate.swift in Sources */ = {isa = PBXBuildFile; fileRef = 3AFE90CB2A6EA84E001D8CE3 /* AppDelegate.swift */; };
		3AFE90CE2A6EA84E001D8CE3 /* SceneDelegate.swift in Sources */ = {isa = PBXBuildFile; fileRef = 3AFE90CD2A6EA84E001D8CE3 /* SceneDelegate.swift */; };
		3AFE90D52A6EA850001D8CE3 /* Assets.xcassets in Resources */ = {isa = PBXBuildFile; fileRef = 3AFE90D42A6EA850001D8CE3 /* Assets.xcassets */; };
		3AFE90D82A6EA850001D8CE3 /* LaunchScreen.storyboard in Resources */ = {isa = PBXBuildFile; fileRef = 3AFE90D62A6EA850001D8CE3 /* LaunchScreen.storyboard */; };
		3AFE90E22A6EAFB5001D8CE3 /* DemoViewController.swift in Sources */ = {isa = PBXBuildFile; fileRef = 3AFE90E12A6EAFB5001D8CE3 /* DemoViewController.swift */; };
		3AFE91522A6EE6B8001D8CE3 /* SDK_Popup.framework in Frameworks */ = {isa = PBXBuildFile; fileRef = 3AFE91502A6EE606001D8CE3 /* SDK_Popup.framework */; };
		3AFE91532A6EE6B8001D8CE3 /* SDK_Popup.framework in Embed Frameworks */ = {isa = PBXBuildFile; fileRef = 3AFE91502A6EE606001D8CE3 /* SDK_Popup.framework */; settings = {ATTRIBUTES = (CodeSignOnCopy, RemoveHeadersOnCopy, ); }; };
/* End PBXBuildFile section */

/* Begin PBXContainerItemProxy section */
		3AFE914F2A6EE606001D8CE3 /* PBXContainerItemProxy */ = {
			isa = PBXContainerItemProxy;
			containerPortal = 3AFE914B2A6EE606001D8CE3 /* SDK-Popup.xcodeproj */;
			proxyType = 2;
			remoteGlobalIDString = 3AFE910A2A6EE412001D8CE3;
			remoteInfo = "SDK-Popup";
		};
/* End PBXContainerItemProxy section */

/* Begin PBXCopyFilesBuildPhase section */
		3AFE91542A6EE6B8001D8CE3 /* Embed Frameworks */ = {
			isa = PBXCopyFilesBuildPhase;
			buildActionMask = 2147483647;
			dstPath = "";
			dstSubfolderSpec = 10;
			files = (
				3AFE91532A6EE6B8001D8CE3 /* SDK_Popup.framework in Embed Frameworks */,
			);
			name = "Embed Frameworks";
			runOnlyForDeploymentPostprocessing = 0;
		};
/* End PBXCopyFilesBuildPhase section */

/* Begin PBXFileReference section */
		3AFE90C82A6EA84E001D8CE3 /* PopupSDK.app */ = {isa = PBXFileReference; explicitFileType = wrapper.application; includeInIndex = 0; path = PopupSDK.app; sourceTree = BUILT_PRODUCTS_DIR; };
		3AFE90CB2A6EA84E001D8CE3 /* AppDelegate.swift */ = {isa = PBXFileReference; lastKnownFileType = sourcecode.swift; path = AppDelegate.swift; sourceTree = "<group>"; };
		3AFE90CD2A6EA84E001D8CE3 /* SceneDelegate.swift */ = {isa = PBXFileReference; lastKnownFileType = sourcecode.swift; path = SceneDelegate.swift; sourceTree = "<group>"; };
		3AFE90D42A6EA850001D8CE3 /* Assets.xcassets */ = {isa = PBXFileReference; lastKnownFileType = folder.assetcatalog; path = Assets.xcassets; sourceTree = "<group>"; };
		3AFE90D72A6EA850001D8CE3 /* Base */ = {isa = PBXFileReference; lastKnownFileType = file.storyboard; name = Base; path = Base.lproj/LaunchScreen.storyboard; sourceTree = "<group>"; };
		3AFE90D92A6EA850001D8CE3 /* Info.plist */ = {isa = PBXFileReference; lastKnownFileType = text.plist.xml; path = Info.plist; sourceTree = "<group>"; };
		3AFE90E12A6EAFB5001D8CE3 /* DemoViewController.swift */ = {isa = PBXFileReference; lastKnownFileType = sourcecode.swift; path = DemoViewController.swift; sourceTree = "<group>"; };
		3AFE914B2A6EE606001D8CE3 /* SDK-Popup.xcodeproj */ = {isa = PBXFileReference; lastKnownFileType = "wrapper.pb-project"; name = "SDK-Popup.xcodeproj"; path = "../../SDK-Popup/SDK-Popup.xcodeproj"; sourceTree = "<group>"; };
/* End PBXFileReference section */

/* Begin PBXFrameworksBuildPhase section */
		3AFE90C52A6EA84E001D8CE3 /* Frameworks */ = {
			isa = PBXFrameworksBuildPhase;
			buildActionMask = 2147483647;
			files = (
				3AFE91522A6EE6B8001D8CE3 /* SDK_Popup.framework in Frameworks */,
			);
			runOnlyForDeploymentPostprocessing = 0;
		};
/* End PBXFrameworksBuildPhase section */

/* Begin PBXGroup section */
		3AFE90BF2A6EA84E001D8CE3 = {
			isa = PBXGroup;
			children = (
				3AFE90CA2A6EA84E001D8CE3 /* PopupSDK */,
				3AFE90C92A6EA84E001D8CE3 /* Products */,
				3AFE91512A6EE6B8001D8CE3 /* Frameworks */,
			);
			sourceTree = "<group>";
		};
		3AFE90C92A6EA84E001D8CE3 /* Products */ = {
			isa = PBXGroup;
			children = (
				3AFE90C82A6EA84E001D8CE3 /* PopupSDK.app */,
			);
			name = Products;
			sourceTree = "<group>";
		};
		3AFE90CA2A6EA84E001D8CE3 /* PopupSDK */ = {
			isa = PBXGroup;
			children = (
				3AFE914B2A6EE606001D8CE3 /* SDK-Popup.xcodeproj */,
				3AFE90CB2A6EA84E001D8CE3 /* AppDelegate.swift */,
				3AFE90CD2A6EA84E001D8CE3 /* SceneDelegate.swift */,
				3AFE90D42A6EA850001D8CE3 /* Assets.xcassets */,
				3AFE90D62A6EA850001D8CE3 /* LaunchScreen.storyboard */,
				3AFE90D92A6EA850001D8CE3 /* Info.plist */,
				3AFE90E12A6EAFB5001D8CE3 /* DemoViewController.swift */,
			);
			path = PopupSDK;
			sourceTree = "<group>";
		};
		3AFE914C2A6EE606001D8CE3 /* Products */ = {
			isa = PBXGroup;
			children = (
				3AFE91502A6EE606001D8CE3 /* SDK_Popup.framework */,
			);
			name = Products;
			sourceTree = "<group>";
		};
		3AFE91512A6EE6B8001D8CE3 /* Frameworks */ = {
			isa = PBXGroup;
			children = (
			);
			name = Frameworks;
			sourceTree = "<group>";
		};
/* End PBXGroup section */

/* Begin PBXNativeTarget section */
		3AFE90C72A6EA84E001D8CE3 /* PopupSDK */ = {
			isa = PBXNativeTarget;
			buildConfigurationList = 3AFE90DC2A6EA850001D8CE3 /* Build configuration list for PBXNativeTarget "PopupSDK" */;
			buildPhases = (
				3AFE90C42A6EA84E001D8CE3 /* Sources */,
				3AFE90C52A6EA84E001D8CE3 /* Frameworks */,
				3AFE90C62A6EA84E001D8CE3 /* Resources */,
				3AFE91542A6EE6B8001D8CE3 /* Embed Frameworks */,
			);
			buildRules = (
			);
			dependencies = (
			);
			name = PopupSDK;
			productName = PopupSDK;
			productReference = 3AFE90C82A6EA84E001D8CE3 /* PopupSDK.app */;
			productType = "com.apple.product-type.application";
		};
/* End PBXNativeTarget section */

/* Begin PBXProject section */
		3AFE90C02A6EA84E001D8CE3 /* Project object */ = {
			isa = PBXProject;
			attributes = {
				BuildIndependentTargetsInParallel = 1;
				LastSwiftUpdateCheck = 1430;
				LastUpgradeCheck = 1430;
				TargetAttributes = {
					3AFE90C72A6EA84E001D8CE3 = {
						CreatedOnToolsVersion = 14.3.1;
					};
				};
			};
			buildConfigurationList = 3AFE90C32A6EA84E001D8CE3 /* Build configuration list for PBXProject "PopupSDK" */;
			compatibilityVersion = "Xcode 14.0";
			developmentRegion = en;
			hasScannedForEncodings = 0;
			knownRegions = (
				en,
				Base,
			);
			mainGroup = 3AFE90BF2A6EA84E001D8CE3;
			productRefGroup = 3AFE90C92A6EA84E001D8CE3 /* Products */;
			projectDirPath = "";
			projectReferences = (
				{
					ProductGroup = 3AFE914C2A6EE606001D8CE3 /* Products */;
					ProjectRef = 3AFE914B2A6EE606001D8CE3 /* SDK-Popup.xcodeproj */;
				},
			);
			projectRoot = "";
			targets = (
				3AFE90C72A6EA84E001D8CE3 /* PopupSDK */,
			);
		};
/* End PBXProject section */

/* Begin PBXReferenceProxy section */
		3AFE91502A6EE606001D8CE3 /* SDK_Popup.framework */ = {
			isa = PBXReferenceProxy;
			fileType = wrapper.framework;
			path = SDK_Popup.framework;
			remoteRef = 3AFE914F2A6EE606001D8CE3 /* PBXContainerItemProxy */;
			sourceTree = BUILT_PRODUCTS_DIR;
		};
/* End PBXReferenceProxy section */

/* Begin PBXResourcesBuildPhase section */
		3AFE90C62A6EA84E001D8CE3 /* Resources */ = {
			isa = PBXResourcesBuildPhase;
			buildActionMask = 2147483647;
			files = (
				3AFE90D82A6EA850001D8CE3 /* LaunchScreen.storyboard in Resources */,
				3AFE90D52A6EA850001D8CE3 /* Assets.xcassets in Resources */,
			);
			runOnlyForDeploymentPostprocessing = 0;
		};
/* End PBXResourcesBuildPhase section */

/* Begin PBXSourcesBuildPhase section */
		3AFE90C42A6EA84E001D8CE3 /* Sources */ = {
			isa = PBXSourcesBuildPhase;
			buildActionMask = 2147483647;
			files = (
				3AFE90CC2A6EA84E001D8CE3 /* AppDelegate.swift in Sources */,
				3AFE90CE2A6EA84E001D8CE3 /* SceneDelegate.swift in Sources */,
				3AFE90E22A6EAFB5001D8CE3 /* DemoViewController.swift in Sources */,
			);
			runOnlyForDeploymentPostprocessing = 0;
		};
/* End PBXSourcesBuildPhase section */

/* Begin PBXVariantGroup section */
		3AFE90D62A6EA850001D8CE3 /* LaunchScreen.storyboard */ = {
			isa = PBXVariantGroup;
			children = (
				3AFE90D72A6EA850001D8CE3 /* Base */,
			);
			name = LaunchScreen.storyboard;
			sourceTree = "<group>";
		};
/* End PBXVariantGroup section */

/* Begin XCBuildConfiguration section */
		3AFE90DA2A6EA850001D8CE3 /* Debug */ = {
			isa = XCBuildConfiguration;
			buildSettings = {
				ALWAYS_SEARCH_USER_PATHS = NO;
				CLANG_ANALYZER_NONNULL = YES;
				CLANG_ANALYZER_NUMBER_OBJECT_CONVERSION = YES_AGGRESSIVE;
				CLANG_CXX_LANGUAGE_STANDARD = "gnu++20";
				CLANG_ENABLE_MODULES = YES;
				CLANG_ENABLE_OBJC_ARC = YES;
				CLANG_ENABLE_OBJC_WEAK = YES;
				CLANG_WARN_BLOCK_CAPTURE_AUTORELEASING = YES;
				CLANG_WARN_BOOL_CONVERSION = YES;
				CLANG_WARN_COMMA = YES;
				CLANG_WARN_CONSTANT_CONVERSION = YES;
				CLANG_WARN_DEPRECATED_OBJC_IMPLEMENTATIONS = YES;
				CLANG_WARN_DIRECT_OBJC_ISA_USAGE = YES_ERROR;
				CLANG_WARN_DOCUMENTATION_COMMENTS = YES;
				CLANG_WARN_EMPTY_BODY = YES;
				CLANG_WARN_ENUM_CONVERSION = YES;
				CLANG_WARN_INFINITE_RECURSION = YES;
				CLANG_WARN_INT_CONVERSION = YES;
				CLANG_WARN_NON_LITERAL_NULL_CONVERSION = YES;
				CLANG_WARN_OBJC_IMPLICIT_RETAIN_SELF = YES;
				CLANG_WARN_OBJC_LITERAL_CONVERSION = YES;
				CLANG_WARN_OBJC_ROOT_CLASS = YES_ERROR;
				CLANG_WARN_QUOTED_INCLUDE_IN_FRAMEWORK_HEADER = YES;
				CLANG_WARN_RANGE_LOOP_ANALYSIS = YES;
				CLANG_WARN_STRICT_PROTOTYPES = YES;
				CLANG_WARN_SUSPICIOUS_MOVE = YES;
				CLANG_WARN_UNGUARDED_AVAILABILITY = YES_AGGRESSIVE;
				CLANG_WARN_UNREACHABLE_CODE = YES;
				CLANG_WARN__DUPLICATE_METHOD_MATCH = YES;
				COPY_PHASE_STRIP = NO;
				DEBUG_INFORMATION_FORMAT = dwarf;
				ENABLE_STRICT_OBJC_MSGSEND = YES;
				ENABLE_TESTABILITY = YES;
				GCC_C_LANGUAGE_STANDARD = gnu11;
				GCC_DYNAMIC_NO_PIC = NO;
				GCC_NO_COMMON_BLOCKS = YES;
				GCC_OPTIMIZATION_LEVEL = 0;
				GCC_PREPROCESSOR_DEFINITIONS = (
					"DEBUG=1",
					"$(inherited)",
				);
				GCC_WARN_64_TO_32_BIT_CONVERSION = YES;
				GCC_WARN_ABOUT_RETURN_TYPE = YES_ERROR;
				GCC_WARN_UNDECLARED_SELECTOR = YES;
				GCC_WARN_UNINITIALIZED_AUTOS = YES_AGGRESSIVE;
				GCC_WARN_UNUSED_FUNCTION = YES;
				GCC_WARN_UNUSED_VARIABLE = YES;
				IPHONEOS_DEPLOYMENT_TARGET = 16.4;
				MTL_ENABLE_DEBUG_INFO = INCLUDE_SOURCE;
				MTL_FAST_MATH = YES;
				ONLY_ACTIVE_ARCH = YES;
				SDKROOT = iphoneos;
				SWIFT_ACTIVE_COMPILATION_CONDITIONS = DEBUG;
				SWIFT_OPTIMIZATION_LEVEL = "-Onone";
			};
			name = Debug;
		};
		3AFE90DB2A6EA850001D8CE3 /* Release */ = {
			isa = XCBuildConfiguration;
			buildSettings = {
				ALWAYS_SEARCH_USER_PATHS = NO;
				CLANG_ANALYZER_NONNULL = YES;
				CLANG_ANALYZER_NUMBER_OBJECT_CONVERSION = YES_AGGRESSIVE;
				CLANG_CXX_LANGUAGE_STANDARD = "gnu++20";
				CLANG_ENABLE_MODULES = YES;
				CLANG_ENABLE_OBJC_ARC = YES;
				CLANG_ENABLE_OBJC_WEAK = YES;
				CLANG_WARN_BLOCK_CAPTURE_AUTORELEASING = YES;
				CLANG_WARN_BOOL_CONVERSION = YES;
				CLANG_WARN_COMMA = YES;
				CLANG_WARN_CONSTANT_CONVERSION = YES;
				CLANG_WARN_DEPRECATED_OBJC_IMPLEMENTATIONS = YES;
				CLANG_WARN_DIRECT_OBJC_ISA_USAGE = YES_ERROR;
				CLANG_WARN_DOCUMENTATION_COMMENTS = YES;
				CLANG_WARN_EMPTY_BODY = YES;
				CLANG_WARN_ENUM_CONVERSION = YES;
				CLANG_WARN_INFINITE_RECURSION = YES;
				CLANG_WARN_INT_CONVERSION = YES;
				CLANG_WARN_NON_LITERAL_NULL_CONVERSION = YES;
				CLANG_WARN_OBJC_IMPLICIT_RETAIN_SELF = YES;
				CLANG_WARN_OBJC_LITERAL_CONVERSION = YES;
				CLANG_WARN_OBJC_ROOT_CLASS = YES_ERROR;
				CLANG_WARN_QUOTED_INCLUDE_IN_FRAMEWORK_HEADER = YES;
				CLANG_WARN_RANGE_LOOP_ANALYSIS = YES;
				CLANG_WARN_STRICT_PROTOTYPES = YES;
				CLANG_WARN_SUSPICIOUS_MOVE = YES;
				CLANG_WARN_UNGUARDED_AVAILABILITY = YES_AGGRESSIVE;
				CLANG_WARN_UNREACHABLE_CODE = YES;
				CLANG_WARN__DUPLICATE_METHOD_MATCH = YES;
				COPY_PHASE_STRIP = NO;
				DEBUG_INFORMATION_FORMAT = "dwarf-with-dsym";
				ENABLE_NS_ASSERTIONS = NO;
				ENABLE_STRICT_OBJC_MSGSEND = YES;
				GCC_C_LANGUAGE_STANDARD = gnu11;
				GCC_NO_COMMON_BLOCKS = YES;
				GCC_WARN_64_TO_32_BIT_CONVERSION = YES;
				GCC_WARN_ABOUT_RETURN_TYPE = YES_ERROR;
				GCC_WARN_UNDECLARED_SELECTOR = YES;
				GCC_WARN_UNINITIALIZED_AUTOS = YES_AGGRESSIVE;
				GCC_WARN_UNUSED_FUNCTION = YES;
				GCC_WARN_UNUSED_VARIABLE = YES;
				IPHONEOS_DEPLOYMENT_TARGET = 16.4;
				MTL_ENABLE_DEBUG_INFO = NO;
				MTL_FAST_MATH = YES;
				SDKROOT = iphoneos;
				SWIFT_COMPILATION_MODE = wholemodule;
				SWIFT_OPTIMIZATION_LEVEL = "-O";
				VALIDATE_PRODUCT = YES;
			};
			name = Release;
		};
		3AFE90DD2A6EA850001D8CE3 /* Debug */ = {
			isa = XCBuildConfiguration;
			buildSettings = {
				ASSETCATALOG_COMPILER_APPICON_NAME = AppIcon;
				ASSETCATALOG_COMPILER_GLOBAL_ACCENT_COLOR_NAME = AccentColor;
				CODE_SIGN_STYLE = Automatic;
				CURRENT_PROJECT_VERSION = 1;
				DEVELOPMENT_TEAM = 938JD88GS4;
				GENERATE_INFOPLIST_FILE = YES;
				INFOPLIST_FILE = PopupSDK/Info.plist;
				INFOPLIST_KEY_UIApplicationSupportsIndirectInputEvents = YES;
				INFOPLIST_KEY_UILaunchStoryboardName = LaunchScreen;
				INFOPLIST_KEY_UISupportedInterfaceOrientations_iPad = "UIInterfaceOrientationPortrait UIInterfaceOrientationPortraitUpsideDown UIInterfaceOrientationLandscapeLeft UIInterfaceOrientationLandscapeRight";
				INFOPLIST_KEY_UISupportedInterfaceOrientations_iPhone = "UIInterfaceOrientationPortrait UIInterfaceOrientationLandscapeLeft UIInterfaceOrientationLandscapeRight";
				LD_RUNPATH_SEARCH_PATHS = (
					"$(inherited)",
					"@executable_path/Frameworks",
				);
				MARKETING_VERSION = 1.0;
				PRODUCT_BUNDLE_IDENTIFIER = com.ayush.PopupSDK;
				PRODUCT_NAME = "$(TARGET_NAME)";
				SWIFT_EMIT_LOC_STRINGS = YES;
				SWIFT_VERSION = 5.0;
				TARGETED_DEVICE_FAMILY = "1,2";
			};
			name = Debug;
		};
		3AFE90DE2A6EA850001D8CE3 /* Release */ = {
			isa = XCBuildConfiguration;
			buildSettings = {
				ASSETCATALOG_COMPILER_APPICON_NAME = AppIcon;
				ASSETCATALOG_COMPILER_GLOBAL_ACCENT_COLOR_NAME = AccentColor;
				CODE_SIGN_STYLE = Automatic;
				CURRENT_PROJECT_VERSION = 1;
				DEVELOPMENT_TEAM = 938JD88GS4;
				GENERATE_INFOPLIST_FILE = YES;
				INFOPLIST_FILE = PopupSDK/Info.plist;
				INFOPLIST_KEY_UIApplicationSupportsIndirectInputEvents = YES;
				INFOPLIST_KEY_UILaunchStoryboardName = LaunchScreen;
				INFOPLIST_KEY_UISupportedInterfaceOrientations_iPad = "UIInterfaceOrientationPortrait UIInterfaceOrientationPortraitUpsideDown UIInterfaceOrientationLandscapeLeft UIInterfaceOrientationLandscapeRight";
				INFOPLIST_KEY_UISupportedInterfaceOrientations_iPhone = "UIInterfaceOrientationPortrait UIInterfaceOrientationLandscapeLeft UIInterfaceOrientationLandscapeRight";
				LD_RUNPATH_SEARCH_PATHS = (
					"$(inherited)",
					"@executable_path/Frameworks",
				);
				MARKETING_VERSION = 1.0;
				PRODUCT_BUNDLE_IDENTIFIER = com.ayush.PopupSDK;
				PRODUCT_NAME = "$(TARGET_NAME)";
				SWIFT_EMIT_LOC_STRINGS = YES;
				SWIFT_VERSION = 5.0;
				TARGETED_DEVICE_FAMILY = "1,2";
			};
			name = Release;
		};
/* End XCBuildConfiguration section */

/* Begin XCConfigurationList section */
		3AFE90C32A6EA84E001D8CE3 /* Build configuration list for PBXProject "PopupSDK" */ = {
			isa = XCConfigurationList;
			buildConfigurations = (
				3AFE90DA2A6EA850001D8CE3 /* Debug */,
				3AFE90DB2A6EA850001D8CE3 /* Release */,
			);
			defaultConfigurationIsVisible = 0;
			defaultConfigurationName = Release;
		};
		3AFE90DC2A6EA850001D8CE3 /* Build configuration list for PBXNativeTarget "PopupSDK" */ = {
			isa = XCConfigurationList;
			buildConfigurations = (
				3AFE90DD2A6EA850001D8CE3 /* Debug */,
				3AFE90DE2A6EA850001D8CE3 /* Release */,
			);
			defaultConfigurationIsVisible = 0;
			defaultConfigurationName = Release;
		};
/* End XCConfigurationList section */
	};
	rootObject = 3AFE90C02A6EA84E001D8CE3 /* Project object */;
}
